{
  "name": "DreamApp",
  "lockfileVersion": 3,
  "requires": true,
  "packages": {
    "": {
      "dependencies": {
        "@huggingface/inference": "^2.6.1"
      }
    },
    "node_modules/@huggingface/inference": {
      "version": "2.6.1",
      "resolved": "https://registry.npmjs.org/@huggingface/inference/-/inference-2.6.1.tgz",
      "integrity": "sha512-qFYchgOCPeEkZJKiSr7Kz62QwukJtgkeQCT7Q0SSKUcvHpTQVNJp6i/JrJMR4dBdzQysJ1SZDC0pLBBnnskTag==",
      "engines": {
        "node": ">=18"
      }
    }
  }
}
